// !$*UTF8*$!
{
	archiveVersion = 1;
	classes = {
	};
	objectVersion = 50;
	objects = {

/* Begin PBXBuildFile section */
		092948A32550657B00030ED8 /* CGFloat+Constants.swift in Sources */ = {isa = PBXBuildFile; fileRef = 092948A22550657B00030ED8 /* CGFloat+Constants.swift */; };
		092B4B70251BECF400979D64 /* PopularMoviesViewController.swift in Sources */ = {isa = PBXBuildFile; fileRef = 092B4B6F251BECF400979D64 /* PopularMoviesViewController.swift */; };
		092B4B75251BECF700979D64 /* Assets.xcassets in Resources */ = {isa = PBXBuildFile; fileRef = 092B4B74251BECF700979D64 /* Assets.xcassets */; };
		092B4B78251BECF700979D64 /* LaunchScreen.storyboard in Resources */ = {isa = PBXBuildFile; fileRef = 092B4B76251BECF700979D64 /* LaunchScreen.storyboard */; };
		092B4B83251BECF700979D64 /* Tests.swift in Sources */ = {isa = PBXBuildFile; fileRef = 092B4B82251BECF700979D64 /* Tests.swift */; };
		09F56479251C8F6A009AB270 /* PopularMoviesView.swift in Sources */ = {isa = PBXBuildFile; fileRef = 09F56478251C8F6A009AB270 /* PopularMoviesView.swift */; };
		09F5647F251C8F93009AB270 /* MovieTableViewCell.swift in Sources */ = {isa = PBXBuildFile; fileRef = 09F5647E251C8F93009AB270 /* MovieTableViewCell.swift */; };
		09F56487251C98B0009AB270 /* Movie.swift in Sources */ = {isa = PBXBuildFile; fileRef = 09F56486251C98B0009AB270 /* Movie.swift */; };
		09F56491251C9C9A009AB270 /* UITableViewCell+Helpers.swift in Sources */ = {isa = PBXBuildFile; fileRef = 09F56490251C9C9A009AB270 /* UITableViewCell+Helpers.swift */; };
		09F56497251C9DFC009AB270 /* DateFormatter+Helpers.swift in Sources */ = {isa = PBXBuildFile; fileRef = 09F56496251C9DFC009AB270 /* DateFormatter+Helpers.swift */; };
		09F564A4251CAD8E009AB270 /* Networking.swift in Sources */ = {isa = PBXBuildFile; fileRef = 09F564A3251CAD8E009AB270 /* Networking.swift */; };
		09F564AA251CD9CD009AB270 /* URL+Helpers.swift in Sources */ = {isa = PBXBuildFile; fileRef = 09F564A9251CD9CD009AB270 /* URL+Helpers.swift */; };
		09F564AE251CDCD8009AB270 /* PopularMovies.swift in Sources */ = {isa = PBXBuildFile; fileRef = 09F564AD251CDCD8009AB270 /* PopularMovies.swift */; };
		09F564B6251CEA8C009AB270 /* JSONDecoder+Helpers.swift in Sources */ = {isa = PBXBuildFile; fileRef = 09F564B5251CEA8C009AB270 /* JSONDecoder+Helpers.swift */; };
		1FC738DC28EF09A1009C73E9 /* SceneDelegate.swift in Sources */ = {isa = PBXBuildFile; fileRef = 092B4B6D251BECF400979D64 /* SceneDelegate.swift */; };
		1FC738DD28EF09C7009C73E9 /* PopularMoviesListView.swift in Sources */ = {isa = PBXBuildFile; fileRef = 1FC7389728EDD73F009C73E9 /* PopularMoviesListView.swift */; };
		1FC738DE28EF09D2009C73E9 /* App.swift in Sources */ = {isa = PBXBuildFile; fileRef = 1FC7389A28EDD969009C73E9 /* App.swift */; };
		1FC738DF28EF09D6009C73E9 /* AppDelegate.swift in Sources */ = {isa = PBXBuildFile; fileRef = 092B4B6B251BECF400979D64 /* AppDelegate.swift */; };
		1FC738E028EF09EA009C73E9 /* DateFormatter+Helpers.swift in Sources */ = {isa = PBXBuildFile; fileRef = 09F56496251C9DFC009AB270 /* DateFormatter+Helpers.swift */; };
		1FC738E128EF09ED009C73E9 /* JSONDecoder+Helpers.swift in Sources */ = {isa = PBXBuildFile; fileRef = 09F564B5251CEA8C009AB270 /* JSONDecoder+Helpers.swift */; };
		1FC738E228EF09F0009C73E9 /* CGFloat+Constants.swift in Sources */ = {isa = PBXBuildFile; fileRef = 092948A22550657B00030ED8 /* CGFloat+Constants.swift */; };
		1FC738E328EF09F3009C73E9 /* Networking.swift in Sources */ = {isa = PBXBuildFile; fileRef = 09F564A3251CAD8E009AB270 /* Networking.swift */; };
		1FC738E428EF09F6009C73E9 /* URL+Helpers.swift in Sources */ = {isa = PBXBuildFile; fileRef = 09F564A9251CD9CD009AB270 /* URL+Helpers.swift */; };
		1FC738E528EF09F8009C73E9 /* Movie.swift in Sources */ = {isa = PBXBuildFile; fileRef = 09F56486251C98B0009AB270 /* Movie.swift */; };
		1FC738E628EF09FB009C73E9 /* PopularMovies.swift in Sources */ = {isa = PBXBuildFile; fileRef = 09F564AD251CDCD8009AB270 /* PopularMovies.swift */; };
		1FC738E728EF0A02009C73E9 /* Assets.xcassets in Resources */ = {isa = PBXBuildFile; fileRef = 092B4B74251BECF700979D64 /* Assets.xcassets */; };
		1FDB823E28EF0DDB0059795D /* LaunchScreen.storyboard in Resources */ = {isa = PBXBuildFile; fileRef = 092B4B76251BECF700979D64 /* LaunchScreen.storyboard */; };
		1FDB824628EF16730059795D /* Tests.swift in Sources */ = {isa = PBXBuildFile; fileRef = 1FDB824528EF16730059795D /* Tests.swift */; };
/* End PBXBuildFile section */

/* Begin PBXContainerItemProxy section */
		092B4B7F251BECF700979D64 /* PBXContainerItemProxy */ = {
			isa = PBXContainerItemProxy;
			containerPortal = 092B4B60251BECF400979D64 /* Project object */;
			proxyType = 1;
			remoteGlobalIDString = 092B4B67251BECF400979D64;
			remoteInfo = CurveTechTask;
		};
		1FDB824728EF16730059795D /* PBXContainerItemProxy */ = {
			isa = PBXContainerItemProxy;
			containerPortal = 092B4B60251BECF400979D64 /* Project object */;
			proxyType = 1;
			remoteGlobalIDString = 1FC738A928EF0122009C73E9;
			remoteInfo = MoviesList_SwiftUI;
		};
/* End PBXContainerItemProxy section */

/* Begin PBXFileReference section */
		092948A22550657B00030ED8 /* CGFloat+Constants.swift */ = {isa = PBXFileReference; lastKnownFileType = sourcecode.swift; path = "CGFloat+Constants.swift"; sourceTree = "<group>"; };
		092B4B68251BECF400979D64 /* MoviewsList_UIKit.app */ = {isa = PBXFileReference; explicitFileType = wrapper.application; includeInIndex = 0; path = MoviewsList_UIKit.app; sourceTree = BUILT_PRODUCTS_DIR; };
		092B4B6B251BECF400979D64 /* AppDelegate.swift */ = {isa = PBXFileReference; lastKnownFileType = sourcecode.swift; path = AppDelegate.swift; sourceTree = "<group>"; };
		092B4B6D251BECF400979D64 /* SceneDelegate.swift */ = {isa = PBXFileReference; lastKnownFileType = sourcecode.swift; path = SceneDelegate.swift; sourceTree = "<group>"; };
		092B4B6F251BECF400979D64 /* PopularMoviesViewController.swift */ = {isa = PBXFileReference; lastKnownFileType = sourcecode.swift; path = PopularMoviesViewController.swift; sourceTree = "<group>"; };
		092B4B74251BECF700979D64 /* Assets.xcassets */ = {isa = PBXFileReference; lastKnownFileType = folder.assetcatalog; path = Assets.xcassets; sourceTree = "<group>"; };
		092B4B77251BECF700979D64 /* Base */ = {isa = PBXFileReference; lastKnownFileType = file.storyboard; name = Base; path = Base.lproj/LaunchScreen.storyboard; sourceTree = "<group>"; };
		092B4B79251BECF700979D64 /* Info.plist */ = {isa = PBXFileReference; lastKnownFileType = text.plist.xml; path = Info.plist; sourceTree = "<group>"; };
		092B4B7E251BECF700979D64 /* MoviewsList_UIKitTests.xctest */ = {isa = PBXFileReference; explicitFileType = wrapper.cfbundle; includeInIndex = 0; path = MoviewsList_UIKitTests.xctest; sourceTree = BUILT_PRODUCTS_DIR; };
		092B4B82251BECF700979D64 /* Tests.swift */ = {isa = PBXFileReference; lastKnownFileType = sourcecode.swift; path = Tests.swift; sourceTree = "<group>"; };
		092B4B84251BECF700979D64 /* Info.plist */ = {isa = PBXFileReference; lastKnownFileType = text.plist.xml; path = Info.plist; sourceTree = "<group>"; };
		09F56478251C8F6A009AB270 /* PopularMoviesView.swift */ = {isa = PBXFileReference; lastKnownFileType = sourcecode.swift; path = PopularMoviesView.swift; sourceTree = "<group>"; };
		09F5647E251C8F93009AB270 /* MovieTableViewCell.swift */ = {isa = PBXFileReference; lastKnownFileType = sourcecode.swift; path = MovieTableViewCell.swift; sourceTree = "<group>"; };
		09F56486251C98B0009AB270 /* Movie.swift */ = {isa = PBXFileReference; lastKnownFileType = sourcecode.swift; path = Movie.swift; sourceTree = "<group>"; };
		09F56490251C9C9A009AB270 /* UITableViewCell+Helpers.swift */ = {isa = PBXFileReference; lastKnownFileType = sourcecode.swift; path = "UITableViewCell+Helpers.swift"; sourceTree = "<group>"; };
		09F56496251C9DFC009AB270 /* DateFormatter+Helpers.swift */ = {isa = PBXFileReference; lastKnownFileType = sourcecode.swift; path = "DateFormatter+Helpers.swift"; sourceTree = "<group>"; };
		09F564A3251CAD8E009AB270 /* Networking.swift */ = {isa = PBXFileReference; lastKnownFileType = sourcecode.swift; path = Networking.swift; sourceTree = "<group>"; };
		09F564A9251CD9CD009AB270 /* URL+Helpers.swift */ = {isa = PBXFileReference; lastKnownFileType = sourcecode.swift; path = "URL+Helpers.swift"; sourceTree = "<group>"; };
		09F564AD251CDCD8009AB270 /* PopularMovies.swift */ = {isa = PBXFileReference; lastKnownFileType = sourcecode.swift; path = PopularMovies.swift; sourceTree = "<group>"; };
		09F564B5251CEA8C009AB270 /* JSONDecoder+Helpers.swift */ = {isa = PBXFileReference; lastKnownFileType = sourcecode.swift; path = "JSONDecoder+Helpers.swift"; sourceTree = "<group>"; };
		1FC7389728EDD73F009C73E9 /* PopularMoviesListView.swift */ = {isa = PBXFileReference; lastKnownFileType = sourcecode.swift; path = PopularMoviesListView.swift; sourceTree = "<group>"; };
		1FC7389A28EDD969009C73E9 /* App.swift */ = {isa = PBXFileReference; lastKnownFileType = sourcecode.swift; path = App.swift; sourceTree = "<group>"; };
		1FC738AA28EF0122009C73E9 /* MoviesList_SwiftUI.app */ = {isa = PBXFileReference; explicitFileType = wrapper.application; includeInIndex = 0; path = MoviesList_SwiftUI.app; sourceTree = BUILT_PRODUCTS_DIR; };
		1FDB824328EF16730059795D /* MoviesList_SwiftUITests.xctest */ = {isa = PBXFileReference; explicitFileType = wrapper.cfbundle; includeInIndex = 0; path = MoviesList_SwiftUITests.xctest; sourceTree = BUILT_PRODUCTS_DIR; };
		1FDB824528EF16730059795D /* Tests.swift */ = {isa = PBXFileReference; lastKnownFileType = sourcecode.swift; path = Tests.swift; sourceTree = "<group>"; };
/* End PBXFileReference section */

/* Begin PBXFrameworksBuildPhase section */
		092B4B65251BECF400979D64 /* Frameworks */ = {
			isa = PBXFrameworksBuildPhase;
			buildActionMask = 2147483647;
			files = (
			);
			runOnlyForDeploymentPostprocessing = 0;
		};
		092B4B7B251BECF700979D64 /* Frameworks */ = {
			isa = PBXFrameworksBuildPhase;
			buildActionMask = 2147483647;
			files = (
			);
			runOnlyForDeploymentPostprocessing = 0;
		};
		1FC738A728EF0122009C73E9 /* Frameworks */ = {
			isa = PBXFrameworksBuildPhase;
			buildActionMask = 2147483647;
			files = (
			);
			runOnlyForDeploymentPostprocessing = 0;
		};
		1FDB824028EF16730059795D /* Frameworks */ = {
			isa = PBXFrameworksBuildPhase;
			buildActionMask = 2147483647;
			files = (
			);
			runOnlyForDeploymentPostprocessing = 0;
		};
/* End PBXFrameworksBuildPhase section */

/* Begin PBXGroup section */
		092B4B5F251BECF400979D64 = {
			isa = PBXGroup;
			children = (
				092B4B6A251BECF400979D64 /* MoviesList */,
				092B4B81251BECF700979D64 /* MoviesList-UIKitTests */,
				1FDB824428EF16730059795D /* MoviesList_SwiftUITests */,
				092B4B69251BECF400979D64 /* Products */,
			);
			sourceTree = "<group>";
		};
		092B4B69251BECF400979D64 /* Products */ = {
			isa = PBXGroup;
			children = (
				092B4B68251BECF400979D64 /* MoviewsList_UIKit.app */,
				092B4B7E251BECF700979D64 /* MoviewsList_UIKitTests.xctest */,
				1FC738AA28EF0122009C73E9 /* MoviesList_SwiftUI.app */,
				1FDB824328EF16730059795D /* MoviesList_SwiftUITests.xctest */,
			);
			name = Products;
			sourceTree = "<group>";
		};
		092B4B6A251BECF400979D64 /* MoviesList */ = {
			isa = PBXGroup;
			children = (
				1FC7389A28EDD969009C73E9 /* App.swift */,
				092B4B6B251BECF400979D64 /* AppDelegate.swift */,
				092B4B6D251BECF400979D64 /* SceneDelegate.swift */,
				09F5648F251C9C7E009AB270 /* Extensions */,
				09F5648C251C98F4009AB270 /* Networking */,
				09F56485251C989E009AB270 /* Models */,
				1FC7389F28EDE07B009C73E9 /* Views_UIKit */,
				1FC7389928EDD770009C73E9 /* Views_SwiftUI */,
				092B4B74251BECF700979D64 /* Assets.xcassets */,
				092B4B76251BECF700979D64 /* LaunchScreen.storyboard */,
				092B4B79251BECF700979D64 /* Info.plist */,
			);
			path = MoviesList;
			sourceTree = "<group>";
		};
		092B4B81251BECF700979D64 /* MoviesList-UIKitTests */ = {
			isa = PBXGroup;
			children = (
				092B4B82251BECF700979D64 /* Tests.swift */,
				092B4B84251BECF700979D64 /* Info.plist */,
			);
			path = "MoviesList-UIKitTests";
			sourceTree = "<group>";
		};
		09F56485251C989E009AB270 /* Models */ = {
			isa = PBXGroup;
			children = (
				09F56486251C98B0009AB270 /* Movie.swift */,
				09F564AD251CDCD8009AB270 /* PopularMovies.swift */,
			);
			path = Models;
			sourceTree = "<group>";
		};
		09F5648C251C98F4009AB270 /* Networking */ = {
			isa = PBXGroup;
			children = (
				09F564A3251CAD8E009AB270 /* Networking.swift */,
				09F564A9251CD9CD009AB270 /* URL+Helpers.swift */,
			);
			path = Networking;
			sourceTree = "<group>";
		};
		09F5648F251C9C7E009AB270 /* Extensions */ = {
			isa = PBXGroup;
			children = (
				09F56490251C9C9A009AB270 /* UITableViewCell+Helpers.swift */,
				09F56496251C9DFC009AB270 /* DateFormatter+Helpers.swift */,
				09F564B5251CEA8C009AB270 /* JSONDecoder+Helpers.swift */,
				092948A22550657B00030ED8 /* CGFloat+Constants.swift */,
			);
			path = Extensions;
			sourceTree = "<group>";
		};
		1FC7389928EDD770009C73E9 /* Views_SwiftUI */ = {
			isa = PBXGroup;
			children = (
				1FC7389728EDD73F009C73E9 /* PopularMoviesListView.swift */,
			);
			path = Views_SwiftUI;
			sourceTree = "<group>";
		};
		1FC7389F28EDE07B009C73E9 /* Views_UIKit */ = {
			isa = PBXGroup;
			children = (
				09F5647E251C8F93009AB270 /* MovieTableViewCell.swift */,
				09F56478251C8F6A009AB270 /* PopularMoviesView.swift */,
				092B4B6F251BECF400979D64 /* PopularMoviesViewController.swift */,
			);
			path = Views_UIKit;
			sourceTree = "<group>";
		};
		1FDB824428EF16730059795D /* MoviesList_SwiftUITests */ = {
			isa = PBXGroup;
			children = (
				1FDB824528EF16730059795D /* Tests.swift */,
			);
			path = MoviesList_SwiftUITests;
			sourceTree = "<group>";
		};
/* End PBXGroup section */

/* Begin PBXNativeTarget section */
		092B4B67251BECF400979D64 /* MoviewsList_UIKit */ = {
			isa = PBXNativeTarget;
			buildConfigurationList = 092B4B87251BECF700979D64 /* Build configuration list for PBXNativeTarget "MoviewsList_UIKit" */;
			buildPhases = (
				092B4B64251BECF400979D64 /* Sources */,
				092B4B65251BECF400979D64 /* Frameworks */,
				092B4B66251BECF400979D64 /* Resources */,
			);
			buildRules = (
			);
			dependencies = (
			);
			name = MoviewsList_UIKit;
			productName = CurveTechTask;
			productReference = 092B4B68251BECF400979D64 /* MoviewsList_UIKit.app */;
			productType = "com.apple.product-type.application";
		};
		092B4B7D251BECF700979D64 /* MoviewsList_UIKitTests */ = {
			isa = PBXNativeTarget;
			buildConfigurationList = 092B4B8A251BECF700979D64 /* Build configuration list for PBXNativeTarget "MoviewsList_UIKitTests" */;
			buildPhases = (
				092B4B7A251BECF700979D64 /* Sources */,
				092B4B7B251BECF700979D64 /* Frameworks */,
				092B4B7C251BECF700979D64 /* Resources */,
			);
			buildRules = (
			);
			dependencies = (
				092B4B80251BECF700979D64 /* PBXTargetDependency */,
			);
			name = MoviewsList_UIKitTests;
			productName = CurveTechTaskTests;
			productReference = 092B4B7E251BECF700979D64 /* MoviewsList_UIKitTests.xctest */;
			productType = "com.apple.product-type.bundle.unit-test";
		};
		1FC738A928EF0122009C73E9 /* MoviesList_SwiftUI */ = {
			isa = PBXNativeTarget;
			buildConfigurationList = 1FC738D028EF0122009C73E9 /* Build configuration list for PBXNativeTarget "MoviesList_SwiftUI" */;
			buildPhases = (
				1FC738A628EF0122009C73E9 /* Sources */,
				1FC738A728EF0122009C73E9 /* Frameworks */,
				1FC738A828EF0122009C73E9 /* Resources */,
			);
			buildRules = (
			);
			dependencies = (
			);
			name = MoviesList_SwiftUI;
			productName = "MoviesList_SwiftUI (iOS)";
			productReference = 1FC738AA28EF0122009C73E9 /* MoviesList_SwiftUI.app */;
			productType = "com.apple.product-type.application";
		};
		1FDB824228EF16730059795D /* MoviesList_SwiftUITests */ = {
			isa = PBXNativeTarget;
			buildConfigurationList = 1FDB824928EF16730059795D /* Build configuration list for PBXNativeTarget "MoviesList_SwiftUITests" */;
			buildPhases = (
				1FDB823F28EF16730059795D /* Sources */,
				1FDB824028EF16730059795D /* Frameworks */,
				1FDB824128EF16730059795D /* Resources */,
			);
			buildRules = (
			);
			dependencies = (
				1FDB824828EF16730059795D /* PBXTargetDependency */,
			);
			name = MoviesList_SwiftUITests;
			productName = MoviewsList_SwiftUITests;
			productReference = 1FDB824328EF16730059795D /* MoviesList_SwiftUITests.xctest */;
			productType = "com.apple.product-type.bundle.unit-test";
		};
/* End PBXNativeTarget section */

/* Begin PBXProject section */
		092B4B60251BECF400979D64 /* Project object */ = {
			isa = PBXProject;
			attributes = {
				LastSwiftUpdateCheck = 1330;
				LastUpgradeCheck = 1150;
				ORGANIZATIONNAME = Curve;
				TargetAttributes = {
					092B4B67251BECF400979D64 = {
						CreatedOnToolsVersion = 11.5;
					};
					092B4B7D251BECF700979D64 = {
						CreatedOnToolsVersion = 11.5;
					};
					1FC738A928EF0122009C73E9 = {
						CreatedOnToolsVersion = 13.3.1;
					};
					1FDB824228EF16730059795D = {
						CreatedOnToolsVersion = 13.3.1;
					};
				};
			};
			buildConfigurationList = 092B4B63251BECF400979D64 /* Build configuration list for PBXProject "MoviesList" */;
			compatibilityVersion = "Xcode 9.3";
			developmentRegion = en;
			hasScannedForEncodings = 0;
			knownRegions = (
				en,
				Base,
			);
			mainGroup = 092B4B5F251BECF400979D64;
			productRefGroup = 092B4B69251BECF400979D64 /* Products */;
			projectDirPath = "";
			projectRoot = "";
			targets = (
				092B4B67251BECF400979D64 /* MoviewsList_UIKit */,
				092B4B7D251BECF700979D64 /* MoviewsList_UIKitTests */,
				1FC738A928EF0122009C73E9 /* MoviesList_SwiftUI */,
				1FDB824228EF16730059795D /* MoviesList_SwiftUITests */,
			);
		};
/* End PBXProject section */

/* Begin PBXResourcesBuildPhase section */
		092B4B66251BECF400979D64 /* Resources */ = {
			isa = PBXResourcesBuildPhase;
			buildActionMask = 2147483647;
			files = (
				092B4B78251BECF700979D64 /* LaunchScreen.storyboard in Resources */,
				092B4B75251BECF700979D64 /* Assets.xcassets in Resources */,
			);
			runOnlyForDeploymentPostprocessing = 0;
		};
		092B4B7C251BECF700979D64 /* Resources */ = {
			isa = PBXResourcesBuildPhase;
			buildActionMask = 2147483647;
			files = (
			);
			runOnlyForDeploymentPostprocessing = 0;
		};
		1FC738A828EF0122009C73E9 /* Resources */ = {
			isa = PBXResourcesBuildPhase;
			buildActionMask = 2147483647;
			files = (
				1FC738E728EF0A02009C73E9 /* Assets.xcassets in Resources */,
				1FDB823E28EF0DDB0059795D /* LaunchScreen.storyboard in Resources */,
			);
			runOnlyForDeploymentPostprocessing = 0;
		};
		1FDB824128EF16730059795D /* Resources */ = {
			isa = PBXResourcesBuildPhase;
			buildActionMask = 2147483647;
			files = (
			);
			runOnlyForDeploymentPostprocessing = 0;
		};
/* End PBXResourcesBuildPhase section */

/* Begin PBXSourcesBuildPhase section */
		092B4B64251BECF400979D64 /* Sources */ = {
			isa = PBXSourcesBuildPhase;
			buildActionMask = 2147483647;
			files = (
				09F564B6251CEA8C009AB270 /* JSONDecoder+Helpers.swift in Sources */,
				09F564AE251CDCD8009AB270 /* PopularMovies.swift in Sources */,
				09F5647F251C8F93009AB270 /* MovieTableViewCell.swift in Sources */,
				1FC738DC28EF09A1009C73E9 /* SceneDelegate.swift in Sources */,
				09F564AA251CD9CD009AB270 /* URL+Helpers.swift in Sources */,
				092B4B70251BECF400979D64 /* PopularMoviesViewController.swift in Sources */,
				09F56487251C98B0009AB270 /* Movie.swift in Sources */,
				092948A32550657B00030ED8 /* CGFloat+Constants.swift in Sources */,
				1FC738DF28EF09D6009C73E9 /* AppDelegate.swift in Sources */,
				09F564A4251CAD8E009AB270 /* Networking.swift in Sources */,
				09F56491251C9C9A009AB270 /* UITableViewCell+Helpers.swift in Sources */,
				09F56497251C9DFC009AB270 /* DateFormatter+Helpers.swift in Sources */,
				09F56479251C8F6A009AB270 /* PopularMoviesView.swift in Sources */,
			);
			runOnlyForDeploymentPostprocessing = 0;
		};
		092B4B7A251BECF700979D64 /* Sources */ = {
			isa = PBXSourcesBuildPhase;
			buildActionMask = 2147483647;
			files = (
				092B4B83251BECF700979D64 /* Tests.swift in Sources */,
			);
			runOnlyForDeploymentPostprocessing = 0;
		};
		1FC738A628EF0122009C73E9 /* Sources */ = {
			isa = PBXSourcesBuildPhase;
			buildActionMask = 2147483647;
			files = (
				1FC738E628EF09FB009C73E9 /* PopularMovies.swift in Sources */,
				1FC738E128EF09ED009C73E9 /* JSONDecoder+Helpers.swift in Sources */,
				1FC738E428EF09F6009C73E9 /* URL+Helpers.swift in Sources */,
				1FC738E028EF09EA009C73E9 /* DateFormatter+Helpers.swift in Sources */,
				1FC738DD28EF09C7009C73E9 /* PopularMoviesListView.swift in Sources */,
				1FC738E528EF09F8009C73E9 /* Movie.swift in Sources */,
				1FC738E328EF09F3009C73E9 /* Networking.swift in Sources */,
				1FC738DE28EF09D2009C73E9 /* App.swift in Sources */,
				1FC738E228EF09F0009C73E9 /* CGFloat+Constants.swift in Sources */,
			);
			runOnlyForDeploymentPostprocessing = 0;
		};
		1FDB823F28EF16730059795D /* Sources */ = {
			isa = PBXSourcesBuildPhase;
			buildActionMask = 2147483647;
			files = (
				1FDB824628EF16730059795D /* Tests.swift in Sources */,
			);
			runOnlyForDeploymentPostprocessing = 0;
		};
/* End PBXSourcesBuildPhase section */

/* Begin PBXTargetDependency section */
		092B4B80251BECF700979D64 /* PBXTargetDependency */ = {
			isa = PBXTargetDependency;
			target = 092B4B67251BECF400979D64 /* MoviewsList_UIKit */;
			targetProxy = 092B4B7F251BECF700979D64 /* PBXContainerItemProxy */;
		};
		1FDB824828EF16730059795D /* PBXTargetDependency */ = {
			isa = PBXTargetDependency;
			target = 1FC738A928EF0122009C73E9 /* MoviesList_SwiftUI */;
			targetProxy = 1FDB824728EF16730059795D /* PBXContainerItemProxy */;
		};
/* End PBXTargetDependency section */

/* Begin PBXVariantGroup section */
		092B4B76251BECF700979D64 /* LaunchScreen.storyboard */ = {
			isa = PBXVariantGroup;
			children = (
				092B4B77251BECF700979D64 /* Base */,
			);
			name = LaunchScreen.storyboard;
			sourceTree = "<group>";
		};
/* End PBXVariantGroup section */

/* Begin XCBuildConfiguration section */
		092B4B85251BECF700979D64 /* Debug */ = {
			isa = XCBuildConfiguration;
			buildSettings = {
				ALWAYS_SEARCH_USER_PATHS = NO;
				CLANG_ANALYZER_NONNULL = YES;
				CLANG_ANALYZER_NUMBER_OBJECT_CONVERSION = YES_AGGRESSIVE;
				CLANG_CXX_LANGUAGE_STANDARD = "gnu++14";
				CLANG_CXX_LIBRARY = "libc++";
				CLANG_ENABLE_MODULES = YES;
				CLANG_ENABLE_OBJC_ARC = YES;
				CLANG_ENABLE_OBJC_WEAK = YES;
				CLANG_WARN_BLOCK_CAPTURE_AUTORELEASING = YES;
				CLANG_WARN_BOOL_CONVERSION = YES;
				CLANG_WARN_COMMA = YES;
				CLANG_WARN_CONSTANT_CONVERSION = YES;
				CLANG_WARN_DEPRECATED_OBJC_IMPLEMENTATIONS = YES;
				CLANG_WARN_DIRECT_OBJC_ISA_USAGE = YES_ERROR;
				CLANG_WARN_DOCUMENTATION_COMMENTS = YES;
				CLANG_WARN_EMPTY_BODY = YES;
				CLANG_WARN_ENUM_CONVERSION = YES;
				CLANG_WARN_INFINITE_RECURSION = YES;
				CLANG_WARN_INT_CONVERSION = YES;
				CLANG_WARN_NON_LITERAL_NULL_CONVERSION = YES;
				CLANG_WARN_OBJC_IMPLICIT_RETAIN_SELF = YES;
				CLANG_WARN_OBJC_LITERAL_CONVERSION = YES;
				CLANG_WARN_OBJC_ROOT_CLASS = YES_ERROR;
				CLANG_WARN_RANGE_LOOP_ANALYSIS = YES;
				CLANG_WARN_STRICT_PROTOTYPES = YES;
				CLANG_WARN_SUSPICIOUS_MOVE = YES;
				CLANG_WARN_UNGUARDED_AVAILABILITY = YES_AGGRESSIVE;
				CLANG_WARN_UNREACHABLE_CODE = YES;
				CLANG_WARN__DUPLICATE_METHOD_MATCH = YES;
				COPY_PHASE_STRIP = NO;
				DEBUG_INFORMATION_FORMAT = dwarf;
				ENABLE_STRICT_OBJC_MSGSEND = YES;
				ENABLE_TESTABILITY = YES;
				GCC_C_LANGUAGE_STANDARD = gnu11;
				GCC_DYNAMIC_NO_PIC = NO;
				GCC_NO_COMMON_BLOCKS = YES;
				GCC_OPTIMIZATION_LEVEL = 0;
				GCC_PREPROCESSOR_DEFINITIONS = (
					"DEBUG=1",
					"$(inherited)",
				);
				GCC_WARN_64_TO_32_BIT_CONVERSION = YES;
				GCC_WARN_ABOUT_RETURN_TYPE = YES_ERROR;
				GCC_WARN_UNDECLARED_SELECTOR = YES;
				GCC_WARN_UNINITIALIZED_AUTOS = YES_AGGRESSIVE;
				GCC_WARN_UNUSED_FUNCTION = YES;
				GCC_WARN_UNUSED_VARIABLE = YES;
				IPHONEOS_DEPLOYMENT_TARGET = 16.0;
				MTL_ENABLE_DEBUG_INFO = INCLUDE_SOURCE;
				MTL_FAST_MATH = YES;
				ONLY_ACTIVE_ARCH = YES;
				SDKROOT = iphoneos;
				SWIFT_ACTIVE_COMPILATION_CONDITIONS = DEBUG;
				SWIFT_OPTIMIZATION_LEVEL = "-Onone";
			};
			name = Debug;
		};
		092B4B86251BECF700979D64 /* Release */ = {
			isa = XCBuildConfiguration;
			buildSettings = {
				ALWAYS_SEARCH_USER_PATHS = NO;
				CLANG_ANALYZER_NONNULL = YES;
				CLANG_ANALYZER_NUMBER_OBJECT_CONVERSION = YES_AGGRESSIVE;
				CLANG_CXX_LANGUAGE_STANDARD = "gnu++14";
				CLANG_CXX_LIBRARY = "libc++";
				CLANG_ENABLE_MODULES = YES;
				CLANG_ENABLE_OBJC_ARC = YES;
				CLANG_ENABLE_OBJC_WEAK = YES;
				CLANG_WARN_BLOCK_CAPTURE_AUTORELEASING = YES;
				CLANG_WARN_BOOL_CONVERSION = YES;
				CLANG_WARN_COMMA = YES;
				CLANG_WARN_CONSTANT_CONVERSION = YES;
				CLANG_WARN_DEPRECATED_OBJC_IMPLEMENTATIONS = YES;
				CLANG_WARN_DIRECT_OBJC_ISA_USAGE = YES_ERROR;
				CLANG_WARN_DOCUMENTATION_COMMENTS = YES;
				CLANG_WARN_EMPTY_BODY = YES;
				CLANG_WARN_ENUM_CONVERSION = YES;
				CLANG_WARN_INFINITE_RECURSION = YES;
				CLANG_WARN_INT_CONVERSION = YES;
				CLANG_WARN_NON_LITERAL_NULL_CONVERSION = YES;
				CLANG_WARN_OBJC_IMPLICIT_RETAIN_SELF = YES;
				CLANG_WARN_OBJC_LITERAL_CONVERSION = YES;
				CLANG_WARN_OBJC_ROOT_CLASS = YES_ERROR;
				CLANG_WARN_RANGE_LOOP_ANALYSIS = YES;
				CLANG_WARN_STRICT_PROTOTYPES = YES;
				CLANG_WARN_SUSPICIOUS_MOVE = YES;
				CLANG_WARN_UNGUARDED_AVAILABILITY = YES_AGGRESSIVE;
				CLANG_WARN_UNREACHABLE_CODE = YES;
				CLANG_WARN__DUPLICATE_METHOD_MATCH = YES;
				COPY_PHASE_STRIP = NO;
				DEBUG_INFORMATION_FORMAT = "dwarf-with-dsym";
				ENABLE_NS_ASSERTIONS = NO;
				ENABLE_STRICT_OBJC_MSGSEND = YES;
				GCC_C_LANGUAGE_STANDARD = gnu11;
				GCC_NO_COMMON_BLOCKS = YES;
				GCC_WARN_64_TO_32_BIT_CONVERSION = YES;
				GCC_WARN_ABOUT_RETURN_TYPE = YES_ERROR;
				GCC_WARN_UNDECLARED_SELECTOR = YES;
				GCC_WARN_UNINITIALIZED_AUTOS = YES_AGGRESSIVE;
				GCC_WARN_UNUSED_FUNCTION = YES;
				GCC_WARN_UNUSED_VARIABLE = YES;
				IPHONEOS_DEPLOYMENT_TARGET = 16.0;
				MTL_ENABLE_DEBUG_INFO = NO;
				MTL_FAST_MATH = YES;
				SDKROOT = iphoneos;
				SWIFT_COMPILATION_MODE = wholemodule;
				SWIFT_OPTIMIZATION_LEVEL = "-O";
				VALIDATE_PRODUCT = YES;
			};
			name = Release;
		};
		092B4B88251BECF700979D64 /* Debug */ = {
			isa = XCBuildConfiguration;
			buildSettings = {
				ASSETCATALOG_COMPILER_APPICON_NAME = AppIcon;
				CODE_SIGN_STYLE = Automatic;
				DEVELOPMENT_TEAM = "";
				INFOPLIST_FILE = "$(SRCROOT)/MoviesList/Info.plist";
				IPHONEOS_DEPLOYMENT_TARGET = 15.0;
				LD_RUNPATH_SEARCH_PATHS = (
					"$(inherited)",
					"@executable_path/Frameworks",
				);
				PRODUCT_BUNDLE_IDENTIFIER = "com.curve.MoviesList-UIKit";
				PRODUCT_NAME = "$(TARGET_NAME)";
				SWIFT_VERSION = 5.0;
				TARGETED_DEVICE_FAMILY = "1,2";
			};
			name = Debug;
		};
		092B4B89251BECF700979D64 /* Release */ = {
			isa = XCBuildConfiguration;
			buildSettings = {
				ASSETCATALOG_COMPILER_APPICON_NAME = AppIcon;
				CODE_SIGN_STYLE = Automatic;
				DEVELOPMENT_TEAM = "";
				INFOPLIST_FILE = "$(SRCROOT)/MoviesList/Info.plist";
				IPHONEOS_DEPLOYMENT_TARGET = 15.0;
				LD_RUNPATH_SEARCH_PATHS = (
					"$(inherited)",
					"@executable_path/Frameworks",
				);
				PRODUCT_BUNDLE_IDENTIFIER = "com.curve.MoviesList-UIKit";
				PRODUCT_NAME = "$(TARGET_NAME)";
				SWIFT_VERSION = 5.0;
				TARGETED_DEVICE_FAMILY = "1,2";
			};
			name = Release;
		};
		092B4B8B251BECF700979D64 /* Debug */ = {
			isa = XCBuildConfiguration;
			buildSettings = {
				ALWAYS_EMBED_SWIFT_STANDARD_LIBRARIES = YES;
				CODE_SIGN_STYLE = Automatic;
				DEVELOPMENT_TEAM = "";
				INFOPLIST_FILE = "MoviesList-UIKitTests/Info.plist";
				IPHONEOS_DEPLOYMENT_TARGET = 15.0;
				LD_RUNPATH_SEARCH_PATHS = (
					"$(inherited)",
					"@executable_path/Frameworks",
					"@loader_path/Frameworks",
				);
				PRODUCT_BUNDLE_IDENTIFIER = "com.curve.MoviesList-UIKitTests";
				PRODUCT_NAME = "$(TARGET_NAME)";
				SWIFT_VERSION = 5.0;
				TARGETED_DEVICE_FAMILY = "1,2";
			};
			name = Debug;
		};
		092B4B8C251BECF700979D64 /* Release */ = {
			isa = XCBuildConfiguration;
			buildSettings = {
				ALWAYS_EMBED_SWIFT_STANDARD_LIBRARIES = YES;
				CODE_SIGN_STYLE = Automatic;
				DEVELOPMENT_TEAM = "";
				INFOPLIST_FILE = "MoviesList-UIKitTests/Info.plist";
				IPHONEOS_DEPLOYMENT_TARGET = 15.0;
				LD_RUNPATH_SEARCH_PATHS = (
					"$(inherited)",
					"@executable_path/Frameworks",
					"@loader_path/Frameworks",
				);
				PRODUCT_BUNDLE_IDENTIFIER = "com.curve.MoviesList-UIKitTests";
				PRODUCT_NAME = "$(TARGET_NAME)";
				SWIFT_VERSION = 5.0;
				TARGETED_DEVICE_FAMILY = "1,2";
			};
			name = Release;
		};
		1FC738D128EF0122009C73E9 /* Debug */ = {
			isa = XCBuildConfiguration;
			buildSettings = {
				ASSETCATALOG_COMPILER_APPICON_NAME = AppIcon;
				ASSETCATALOG_COMPILER_GLOBAL_ACCENT_COLOR_NAME = AccentColor;
				CLANG_CXX_LANGUAGE_STANDARD = "gnu++17";
				CLANG_WARN_QUOTED_INCLUDE_IN_FRAMEWORK_HEADER = YES;
				CODE_SIGN_STYLE = Automatic;
				CURRENT_PROJECT_VERSION = 1;
				ENABLE_PREVIEWS = YES;
				GENERATE_INFOPLIST_FILE = YES;
				INFOPLIST_KEY_UIApplicationSceneManifest_Generation = YES;
				INFOPLIST_KEY_UIApplicationSupportsIndirectInputEvents = YES;
				INFOPLIST_KEY_UILaunchScreen_Generation = YES;
				INFOPLIST_KEY_UILaunchStoryboardName = LaunchScreen;
				INFOPLIST_KEY_UISupportedInterfaceOrientations_iPad = "UIInterfaceOrientationPortrait UIInterfaceOrientationPortraitUpsideDown UIInterfaceOrientationLandscapeLeft UIInterfaceOrientationLandscapeRight";
				INFOPLIST_KEY_UISupportedInterfaceOrientations_iPhone = "UIInterfaceOrientationPortrait UIInterfaceOrientationLandscapeLeft UIInterfaceOrientationLandscapeRight";
				IPHONEOS_DEPLOYMENT_TARGET = 15.0;
				LD_RUNPATH_SEARCH_PATHS = (
					"$(inherited)",
					"@executable_path/Frameworks",
				);
				MARKETING_VERSION = 1.0;
				PRODUCT_BUNDLE_IDENTIFIER = "com.curve.MoviesList-SwiftUI";
				PRODUCT_NAME = MoviesList_SwiftUI;
				SDKROOT = iphoneos;
				SWIFT_EMIT_LOC_STRINGS = YES;
				SWIFT_VERSION = 5.0;
				TARGETED_DEVICE_FAMILY = "1,2";
			};
			name = Debug;
		};
		1FC738D228EF0122009C73E9 /* Release */ = {
			isa = XCBuildConfiguration;
			buildSettings = {
				ASSETCATALOG_COMPILER_APPICON_NAME = AppIcon;
				ASSETCATALOG_COMPILER_GLOBAL_ACCENT_COLOR_NAME = AccentColor;
				CLANG_CXX_LANGUAGE_STANDARD = "gnu++17";
				CLANG_WARN_QUOTED_INCLUDE_IN_FRAMEWORK_HEADER = YES;
				CODE_SIGN_STYLE = Automatic;
				CURRENT_PROJECT_VERSION = 1;
				ENABLE_PREVIEWS = YES;
				GENERATE_INFOPLIST_FILE = YES;
				INFOPLIST_KEY_UIApplicationSceneManifest_Generation = YES;
				INFOPLIST_KEY_UIApplicationSupportsIndirectInputEvents = YES;
				INFOPLIST_KEY_UILaunchScreen_Generation = YES;
				INFOPLIST_KEY_UILaunchStoryboardName = LaunchScreen;
				INFOPLIST_KEY_UISupportedInterfaceOrientations_iPad = "UIInterfaceOrientationPortrait UIInterfaceOrientationPortraitUpsideDown UIInterfaceOrientationLandscapeLeft UIInterfaceOrientationLandscapeRight";
				INFOPLIST_KEY_UISupportedInterfaceOrientations_iPhone = "UIInterfaceOrientationPortrait UIInterfaceOrientationLandscapeLeft UIInterfaceOrientationLandscapeRight";
				IPHONEOS_DEPLOYMENT_TARGET = 15.0;
				LD_RUNPATH_SEARCH_PATHS = (
					"$(inherited)",
					"@executable_path/Frameworks",
				);
				MARKETING_VERSION = 1.0;
				PRODUCT_BUNDLE_IDENTIFIER = "com.curve.MoviesList-SwiftUI";
				PRODUCT_NAME = MoviesList_SwiftUI;
				SDKROOT = iphoneos;
				SWIFT_EMIT_LOC_STRINGS = YES;
				SWIFT_VERSION = 5.0;
				TARGETED_DEVICE_FAMILY = "1,2";
				VALIDATE_PRODUCT = YES;
			};
			name = Release;
		};
		1FDB824A28EF16730059795D /* Debug */ = {
			isa = XCBuildConfiguration;
			buildSettings = {
				CLANG_CXX_LANGUAGE_STANDARD = "gnu++17";
				CLANG_WARN_QUOTED_INCLUDE_IN_FRAMEWORK_HEADER = YES;
				CODE_SIGN_STYLE = Automatic;
				CURRENT_PROJECT_VERSION = 1;
				GENERATE_INFOPLIST_FILE = YES;
				IPHONEOS_DEPLOYMENT_TARGET = 15.0;
				MARKETING_VERSION = 1.0;
				PRODUCT_BUNDLE_IDENTIFIER = "com.curve.MoviewsList-SwiftUITests";
				PRODUCT_NAME = "$(TARGET_NAME)";
				SWIFT_EMIT_LOC_STRINGS = NO;
				SWIFT_VERSION = 5.0;
				TARGETED_DEVICE_FAMILY = "1,2";
			};
			name = Debug;
		};
		1FDB824B28EF16730059795D /* Release */ = {
			isa = XCBuildConfiguration;
			buildSettings = {
				CLANG_CXX_LANGUAGE_STANDARD = "gnu++17";
				CLANG_WARN_QUOTED_INCLUDE_IN_FRAMEWORK_HEADER = YES;
				CODE_SIGN_STYLE = Automatic;
				CURRENT_PROJECT_VERSION = 1;
				GENERATE_INFOPLIST_FILE = YES;
				IPHONEOS_DEPLOYMENT_TARGET = 15.0;
				MARKETING_VERSION = 1.0;
				PRODUCT_BUNDLE_IDENTIFIER = "com.curve.MoviewsList-SwiftUITests";
				PRODUCT_NAME = "$(TARGET_NAME)";
				SWIFT_EMIT_LOC_STRINGS = NO;
				SWIFT_VERSION = 5.0;
				TARGETED_DEVICE_FAMILY = "1,2";
			};
			name = Release;
		};
/* End XCBuildConfiguration section */

/* Begin XCConfigurationList section */
		092B4B63251BECF400979D64 /* Build configuration list for PBXProject "MoviesList" */ = {
			isa = XCConfigurationList;
			buildConfigurations = (
				092B4B85251BECF700979D64 /* Debug */,
				092B4B86251BECF700979D64 /* Release */,
			);
			defaultConfigurationIsVisible = 0;
			defaultConfigurationName = Release;
		};
		092B4B87251BECF700979D64 /* Build configuration list for PBXNativeTarget "MoviewsList_UIKit" */ = {
			isa = XCConfigurationList;
			buildConfigurations = (
				092B4B88251BECF700979D64 /* Debug */,
				092B4B89251BECF700979D64 /* Release */,
			);
			defaultConfigurationIsVisible = 0;
			defaultConfigurationName = Release;
		};
		092B4B8A251BECF700979D64 /* Build configuration list for PBXNativeTarget "MoviewsList_UIKitTests" */ = {
			isa = XCConfigurationList;
			buildConfigurations = (
				092B4B8B251BECF700979D64 /* Debug */,
				092B4B8C251BECF700979D64 /* Release */,
			);
			defaultConfigurationIsVisible = 0;
			defaultConfigurationName = Release;
		};
		1FC738D028EF0122009C73E9 /* Build configuration list for PBXNativeTarget "MoviesList_SwiftUI" */ = {
			isa = XCConfigurationList;
			buildConfigurations = (
				1FC738D128EF0122009C73E9 /* Debug */,
				1FC738D228EF0122009C73E9 /* Release */,
			);
			defaultConfigurationIsVisible = 0;
			defaultConfigurationName = Release;
		};
		1FDB824928EF16730059795D /* Build configuration list for PBXNativeTarget "MoviesList_SwiftUITests" */ = {
			isa = XCConfigurationList;
			buildConfigurations = (
				1FDB824A28EF16730059795D /* Debug */,
				1FDB824B28EF16730059795D /* Release */,
			);
			defaultConfigurationIsVisible = 0;
			defaultConfigurationName = Release;
		};
/* End XCConfigurationList section */
	};
	rootObject = 092B4B60251BECF400979D64 /* Project object */;
}
